
Microsoft Visual Studio Solution File, Format Version 12.00
# Visual Studio Version 17
VisualStudioVersion = 17.2.32616.157
MinimumVisualStudioVersion = 10.0.40219.1
Project("{9A19103F-16F7-4668-BE54-9A1E7A4F7556}") = "RockPaperScissors", "RockPaperScissors.csproj", "{17E67054-2651-42B7-B6D8-3EF5E7CF0ED6}"
EndProject
Global
	GlobalSection(SolutionConfigurationPlatforms) = preSolution
		Debug|Any CPU = Debug|Any CPU
		Release|Any CPU = Release|Any CPU
	EndGlobalSection
	GlobalSection(ProjectConfigurationPlatforms) = postSolution
		{17E67054-2651-42B7-B6D8-3EF5E7CF0ED6}.Debug|Any CPU.ActiveCfg = Debug|Any CPU
		{17E67054-2651-42B7-B6D8-3EF5E7CF0ED6}.Debug|Any CPU.Build.0 = Debug|Any CPU
		{17E67054-2651-42B7-B6D8-3EF5E7CF0ED6}.Release|Any CPU.ActiveCfg = Release|Any CPU
		{17E67054-2651-42B7-B6D8-3EF5E7CF0ED6}.Release|Any CPU.Build.0 = Release|Any CPU
	EndGlobalSection
	GlobalSection(SolutionProperties) = preSolution
		HideSolutionNode = FALSE
	EndGlobalSection
	GlobalSection(ExtensibilityGlobals) = postSolution
		SolutionGuid = {0A341941-EB12-4034-941E-6A3ADE6B0856}
	EndGlobalSection
EndGlobal
